
Microsoft Visual Studio Solution File, Format Version 12.00
# Visual Studio Version 16
VisualStudioVersion = 16.0.29403.142
MinimumVisualStudioVersion = 10.0.40219.1
Project("{FAE04EC0-301F-11D3-BF4B-00C04F79EFBC}") = "Shapes", "Shapes\Shapes.csproj", "{BB48EDC5-59B1-4F6A-A6DC-ED7E315CEA34}"
EndProject
Project("{FAE04EC0-301F-11D3-BF4B-00C04F79EFBC}") = "Bank", "Bank\Bank.csproj", "{0AE30575-F72C-461A-806A-11BF683BA318}"
EndProject
Project("{FAE04EC0-301F-11D3-BF4B-00C04F79EFBC}") = "Car", "Car\Car.csproj", "{E5286CE3-EDF7-46B4-AC15-F12508E044C9}"
EndProject
Global
	GlobalSection(SolutionConfigurationPlatforms) = preSolution
		Debug|Any CPU = Debug|Any CPU
		Release|Any CPU = Release|Any CPU
	EndGlobalSection
	GlobalSection(ProjectConfigurationPlatforms) = postSolution
		{BB48EDC5-59B1-4F6A-A6DC-ED7E315CEA34}.Debug|Any CPU.ActiveCfg = Debug|Any CPU
		{BB48EDC5-59B1-4F6A-A6DC-ED7E315CEA34}.Debug|Any CPU.Build.0 = Debug|Any CPU
		{BB48EDC5-59B1-4F6A-A6DC-ED7E315CEA34}.Release|Any CPU.ActiveCfg = Release|Any CPU
		{BB48EDC5-59B1-4F6A-A6DC-ED7E315CEA34}.Release|Any CPU.Build.0 = Release|Any CPU
		{0AE30575-F72C-461A-806A-11BF683BA318}.Debug|Any CPU.ActiveCfg = Debug|Any CPU
		{0AE30575-F72C-461A-806A-11BF683BA318}.Debug|Any CPU.Build.0 = Debug|Any CPU
		{0AE30575-F72C-461A-806A-11BF683BA318}.Release|Any CPU.ActiveCfg = Release|Any CPU
		{0AE30575-F72C-461A-806A-11BF683BA318}.Release|Any CPU.Build.0 = Release|Any CPU
		{E5286CE3-EDF7-46B4-AC15-F12508E044C9}.Debug|Any CPU.ActiveCfg = Debug|Any CPU
		{E5286CE3-EDF7-46B4-AC15-F12508E044C9}.Debug|Any CPU.Build.0 = Debug|Any CPU
		{E5286CE3-EDF7-46B4-AC15-F12508E044C9}.Release|Any CPU.ActiveCfg = Release|Any CPU
		{E5286CE3-EDF7-46B4-AC15-F12508E044C9}.Release|Any CPU.Build.0 = Release|Any CPU
	EndGlobalSection
	GlobalSection(SolutionProperties) = preSolution
		HideSolutionNode = FALSE
	EndGlobalSection
	GlobalSection(ExtensibilityGlobals) = postSolution
		SolutionGuid = {56D3593F-AADA-437F-8B13-805C43762BC2}
	EndGlobalSection
EndGlobal
